
Microsoft Visual Studio Solution File, Format Version 12.00
# Visual Studio Version 16
VisualStudioVersion = 16.0.32510.428
MinimumVisualStudioVersion = 10.0.40219.1
Project("{FAE04EC0-301F-11D3-BF4B-00C04F79EFBC}") = "SalesWebMvc", "SalesWebMvc\SalesWebMvc.csproj", "{C18AA5A7-F5C6-4D3A-B0B2-B785DCBD75E9}"
EndProject
Global
	GlobalSection(SolutionConfigurationPlatforms) = preSolution
		Debug|Any CPU = Debug|Any CPU
		Release|Any CPU = Release|Any CPU
	EndGlobalSection
	GlobalSection(ProjectConfigurationPlatforms) = postSolution
		{C18AA5A7-F5C6-4D3A-B0B2-B785DCBD75E9}.Debug|Any CPU.ActiveCfg = Debug|Any CPU
		{C18AA5A7-F5C6-4D3A-B0B2-B785DCBD75E9}.Debug|Any CPU.Build.0 = Debug|Any CPU
		{C18AA5A7-F5C6-4D3A-B0B2-B785DCBD75E9}.Release|Any CPU.ActiveCfg = Release|Any CPU
		{C18AA5A7-F5C6-4D3A-B0B2-B785DCBD75E9}.Release|Any CPU.Build.0 = Release|Any CPU
	EndGlobalSection
	GlobalSection(SolutionProperties) = preSolution
		HideSolutionNode = FALSE
	EndGlobalSection
	GlobalSection(ExtensibilityGlobals) = postSolution
		SolutionGuid = {785BA66E-4B71-4847-B4E1-B41DC7EA3F07}
	EndGlobalSection
EndGlobal
